
Microsoft Visual Studio Solution File, Format Version 12.00
# Visual Studio Version 17
VisualStudioVersion = 17.5.002.0
MinimumVisualStudioVersion = 10.0.40219.1
Project("{9A19103F-16F7-4668-BE54-9A1E7A4F7556}") = "Alien.WebAPI", "ApiBen10\Alien.WebAPI.csproj", "{7242306A-BB53-456E-B760-761E94AD8520}"
EndProject
Project("{9A19103F-16F7-4668-BE54-9A1E7A4F7556}") = "Alien.Infrastructure", "Alien.Infrastructure\Alien.Infrastructure.csproj", "{6398B60A-E690-4056-BF99-9E016CD68273}"
EndProject
Project("{9A19103F-16F7-4668-BE54-9A1E7A4F7556}") = "Alien.Domain", "Alien.Domain\Alien.Domain.csproj", "{F15A3890-74D8-4833-A16A-FA86F1336DF8}"
EndProject
Project("{9A19103F-16F7-4668-BE54-9A1E7A4F7556}") = "Alien.Application", "Alien.Application\Alien.Application.csproj", "{66D48312-D7F7-4F08-ABF6-B8AFA3975343}"
EndProject
Global
	GlobalSection(SolutionConfigurationPlatforms) = preSolution
		Debug|Any CPU = Debug|Any CPU
		Release|Any CPU = Release|Any CPU
	EndGlobalSection
	GlobalSection(ProjectConfigurationPlatforms) = postSolution
		{7242306A-BB53-456E-B760-761E94AD8520}.Debug|Any CPU.ActiveCfg = Debug|Any CPU
		{7242306A-BB53-456E-B760-761E94AD8520}.Debug|Any CPU.Build.0 = Debug|Any CPU
		{7242306A-BB53-456E-B760-761E94AD8520}.Release|Any CPU.ActiveCfg = Release|Any CPU
		{7242306A-BB53-456E-B760-761E94AD8520}.Release|Any CPU.Build.0 = Release|Any CPU
		{6398B60A-E690-4056-BF99-9E016CD68273}.Debug|Any CPU.ActiveCfg = Debug|Any CPU
		{6398B60A-E690-4056-BF99-9E016CD68273}.Debug|Any CPU.Build.0 = Debug|Any CPU
		{6398B60A-E690-4056-BF99-9E016CD68273}.Release|Any CPU.ActiveCfg = Release|Any CPU
		{6398B60A-E690-4056-BF99-9E016CD68273}.Release|Any CPU.Build.0 = Release|Any CPU
		{F15A3890-74D8-4833-A16A-FA86F1336DF8}.Debug|Any CPU.ActiveCfg = Debug|Any CPU
		{F15A3890-74D8-4833-A16A-FA86F1336DF8}.Debug|Any CPU.Build.0 = Debug|Any CPU
		{F15A3890-74D8-4833-A16A-FA86F1336DF8}.Release|Any CPU.ActiveCfg = Release|Any CPU
		{F15A3890-74D8-4833-A16A-FA86F1336DF8}.Release|Any CPU.Build.0 = Release|Any CPU
		{66D48312-D7F7-4F08-ABF6-B8AFA3975343}.Debug|Any CPU.ActiveCfg = Debug|Any CPU
		{66D48312-D7F7-4F08-ABF6-B8AFA3975343}.Debug|Any CPU.Build.0 = Debug|Any CPU
		{66D48312-D7F7-4F08-ABF6-B8AFA3975343}.Release|Any CPU.ActiveCfg = Release|Any CPU
		{66D48312-D7F7-4F08-ABF6-B8AFA3975343}.Release|Any CPU.Build.0 = Release|Any CPU
	EndGlobalSection
	GlobalSection(SolutionProperties) = preSolution
		HideSolutionNode = FALSE
	EndGlobalSection
	GlobalSection(ExtensibilityGlobals) = postSolution
		SolutionGuid = {2C6988B2-7AD6-4A8B-AA9F-79F69D67F2ED}
	EndGlobalSection
EndGlobal
